
Microsoft Visual Studio Solution File, Format Version 12.00
# Visual Studio Version 17
VisualStudioVersion = 17.12.35209.166
MinimumVisualStudioVersion = 10.0.40219.1
Project("{9092AA53-FB77-4645-B42D-1CCCA6BD08BD}") = "Employeer List BackEnd", "Employeer List BackEnd.njsproj", "{C93D1468-882F-4169-A4FC-FA949125EC21}"
EndProject
Global
	GlobalSection(SolutionConfigurationPlatforms) = preSolution
		Debug|Any CPU = Debug|Any CPU
		Release|Any CPU = Release|Any CPU
	EndGlobalSection
	GlobalSection(ProjectConfigurationPlatforms) = postSolution
		{C93D1468-882F-4169-A4FC-FA949125EC21}.Debug|Any CPU.ActiveCfg = Debug|Any CPU
		{C93D1468-882F-4169-A4FC-FA949125EC21}.Debug|Any CPU.Build.0 = Debug|Any CPU
		{C93D1468-882F-4169-A4FC-FA949125EC21}.Release|Any CPU.ActiveCfg = Release|Any CPU
		{C93D1468-882F-4169-A4FC-FA949125EC21}.Release|Any CPU.Build.0 = Release|Any CPU
	EndGlobalSection
	GlobalSection(SolutionProperties) = preSolution
		HideSolutionNode = FALSE
	EndGlobalSection
	GlobalSection(ExtensibilityGlobals) = postSolution
		SolutionGuid = {AF3110A3-F17F-49BC-A87D-B77336C6FCF3}
	EndGlobalSection
EndGlobal
