
Microsoft Visual Studio Solution File, Format Version 12.00
# Visual Studio Version 17
VisualStudioVersion = 17.12.35209.166
MinimumVisualStudioVersion = 10.0.40219.1
Project("{54A90642-561A-4BB1-A94E-469ADEE60C69}") = "Employeer List BackEnd", "Employeer List BackEnd.esproj", "{7D91A509-13BE-49E2-81E5-27E01832E63A}"
EndProject
Global
	GlobalSection(SolutionConfigurationPlatforms) = preSolution
		Debug|Any CPU = Debug|Any CPU
		Release|Any CPU = Release|Any CPU
	EndGlobalSection
	GlobalSection(ProjectConfigurationPlatforms) = postSolution
		{7D91A509-13BE-49E2-81E5-27E01832E63A}.Debug|Any CPU.ActiveCfg = Debug|Any CPU
		{7D91A509-13BE-49E2-81E5-27E01832E63A}.Debug|Any CPU.Build.0 = Debug|Any CPU
		{7D91A509-13BE-49E2-81E5-27E01832E63A}.Debug|Any CPU.Deploy.0 = Debug|Any CPU
		{7D91A509-13BE-49E2-81E5-27E01832E63A}.Release|Any CPU.ActiveCfg = Release|Any CPU
		{7D91A509-13BE-49E2-81E5-27E01832E63A}.Release|Any CPU.Build.0 = Release|Any CPU
		{7D91A509-13BE-49E2-81E5-27E01832E63A}.Release|Any CPU.Deploy.0 = Release|Any CPU
	EndGlobalSection
	GlobalSection(SolutionProperties) = preSolution
		HideSolutionNode = FALSE
	EndGlobalSection
	GlobalSection(ExtensibilityGlobals) = postSolution
		SolutionGuid = {AF3110A3-F17F-49BC-A87D-B77336C6FCF3}
	EndGlobalSection
EndGlobal
